# This file is automatically @generated by Poetry 2.3.2 and should not be changed by hand.

[[package]]
name = "asgiref"
version = "3.12.1"
description = "ASGI specs, helper code, and adapters"
optional = true
python-versions = ">=3.10"
groups = ["main"]
markers = "extra == \"fancy\""
files = [
    {file = "asgiref-3.12.1-py3-none-any.whl", hash = "sha256:fe386d1c2bff7259ea95929266d12a8cf9a8b5a1c2598402967d8792e7a7c094"},
    {file = "asgiref-3.12.1.tar.gz", hash = "sha256:59dcb51c272ad209d59bed5708a64a333083e86017d7fcdd67498eeab7784340"},
]

[package.extras]
mypy = ["mypy (>=1.14.0)"]
tests = ["pytest", "pytest-asyncio"]

[[package]]
name = "django"
version = "6.1"
description = "A high-level Python web framework that encourages rapid development and clean, pragmatic design."
optional = true
python-versions = ">=3.12"
groups = ["main"]
markers = "extra == \"fancy\""
files = [
    {file = "django-6.1-py3-none-any.whl", hash = "sha256:6c132cd980c9392b06807d4ca52d72530d631dc65a85d9dacede00a780cefbbe"},
    {file = "django-6.1.tar.gz", hash = "sha256:86a2aacd59b817e4d6ac2ebfe22356c58f66f7b24e503f71b7c2fead677ee48b"},
]

[package.dependencies]
asgiref = ">=3.9.1"
sqlparse = ">=0.5.0"
tzdata = {version = "*", markers = "sys_platform == \"win32\""}

[package.extras]
argon2 = ["argon2-cffi (>=23.1.0)"]
bcrypt = ["bcrypt (>=4.1.1)"]

[[package]]
name = "flatbuffers"
version = "25.12.19"
description = "The FlatBuffers serialization format for Python"
optional = true
python-versions = "*"
groups = ["main"]
markers = "extra != \"gpu\" and extra == \"cpu\" or extra == \"gpu\" and extra != \"cpu\""
files = [
    {file = "flatbuffers-25.12.19-py2.py3-none-any.whl", hash = "sha256:7634f50c427838bb021c2d66a3d1168e9d199b0607e6329399f04846d42e20b4"},
]

[[package]]
name = "numpy"
version = "2.5.2"
description = "Fundamental package for array computing in Python"
optional = false
python-versions = ">=3.12"
groups = ["main"]
files = [
    {file = "numpy-2.5.2-cp312-cp312-macosx_10_13_x86_64.whl", hash = "sha256:14e373cfc6387177e8409dac3c7159be8eb05cd77096cd7c950268b86f62831c"},
    {file = "numpy-2.5.2-cp312-cp312-macosx_11_0_arm64.whl", hash = "sha256:4bbd96c833ecc8cc069ce518078fc8c60cb9cbfb0fea5b7a803ad65035596d03"},
    {file = "numpy-2.5.2-cp312-cp312-macosx_14_0_arm64.whl", hash = "sha256:6e8172ddfcf5cf74b811d372b570b83c60bd2de87a6fbfbebdadb4a9bd9c6cbb"},
    {file = "numpy-2.5.2-cp312-cp312-macosx_14_0_x86_64.whl", hash = "sha256:65f188481f1669e26f62b701e8205d19e460fa4a9b52a1414ba382330e4a3414"},
    {file = "numpy-2.5.2-cp312-cp312-manylinux_2_27_aarch64.manylinux_2_28_aarch64.whl", hash = "sha256:8ee9c4eeb8454b3660a8b53493563c3e121c2fc94fbd72b848ef814ed7b676a9"},
    {file = "numpy-2.5.2-cp312-cp312-manylinux_2_27_x86_64.manylinux_2_28_x86_64.whl", hash = "sha256:3cdec01fa790a186d430433fdd4d4ffb70eed6f0eeb4bf05c8dbe2dce0a9bcb8"},
    {file = "numpy-2.5.2-cp312-cp312-musllinux_1_2_aarch64.whl", hash = "sha256:7999d4ddb0c4025018373fd787510d46e04c769467af22869707b3c1cfd459ab"},
    {file = "numpy-2.5.2-cp312-cp312-musllinux_1_2_x86_64.whl", hash = "sha256:c1f017dc0875c9209d219f97feceb7d54c2661bb243deb4114478e1295808af7"},
    {file = "numpy-2.5.2-cp312-cp312-win32.whl", hash = "sha256:d6a48072864e3324e194a8fbb3c657bcc5b5c869dbc64c9537b1d5c862572c0a"},
    {file = "numpy-2.5.2-cp312-cp312-win_amd64.whl", hash = "sha256:28ac63476ec7651484215ee7fa15a1f78b57c14621f01e392afe17b9a1390ce4"},
    {file = "numpy-2.5.2-cp312-cp312-win_arm64.whl", hash = "sha256:27650bb0e7140fa3d37b9923b4803645e0b125d190f326eecfd3f4dad8e8ade1"},
    {file = "numpy-2.5.2-cp313-cp313-macosx_10_13_x86_64.whl", hash = "sha256:8e4cb9a754c8a0c62eaa88273a5fba3391f4a610d1dee893c0755da31c083f15"},
    {file = "numpy-2.5.2-cp313-cp313-macosx_11_0_arm64.whl", hash = "sha256:52c808f96484f5571a5cc863775ce50247c17dfb3b0361f8ed6b4b0456f80080"},
    {file = "numpy-2.5.2-cp313-cp313-macosx_14_0_arm64.whl", hash = "sha256:29d81e97f668489cba8ebfd796b9bdd453525d35dd9e162e2daec94bf3fc7740"},
    {file = "numpy-2.5.2-cp313-cp313-macosx_14_0_x86_64.whl", hash = "sha256:afb3f0632d6b2e3ba04dbce8d1e48d321b369138b73830b5ca371a0e8d479d56"},
    {file = "numpy-2.5.2-cp313-cp313-manylinux_2_27_aarch64.manylinux_2_28_aarch64.whl", hash = "sha256:0aadf13b60048d501e05fa699efaf7734e2494f3498a4c2a5521d822640324f3"},
    {file = "numpy-2.5.2-cp313-cp313-manylinux_2_27_x86_64.manylinux_2_28_x86_64.whl", hash = "sha256:29b86ff8a6cc556b47ec6b64b194815cc80e6bf5eedcc6cddfd65318cb0b4eee"},
    {file = "numpy-2.5.2-cp313-cp313-musllinux_1_2_aarch64.whl", hash = "sha256:6950c4b7dd562453090548ba7f5da7e59f57f85663f15d5dcc60e249192f7e59"},
    {file = "numpy-2.5.2-cp313-cp313-musllinux_1_2_x86_64.whl", hash = "sha256:b9727f472d2f3888053b8a75ab0cb94745a9de224bb5846dbadc0092101bc71d"},
    {file = "numpy-2.5.2-cp313-cp313-win32.whl", hash = "sha256:4f9744f9fbdcea0bc552e8f19e1f141f811a3f9bc2be2cc6e86d982cab23e3f4"},
    {file = "numpy-2.5.2-cp313-cp313-win_amd64.whl", hash = "sha256:85aaccb24182c25df891ad0ec333585967e115269d5f1b17f2c9ae005bc96657"},
    {file = "numpy-2.5.2-cp313-cp313-win_arm64.whl", hash = "sha256:bd68ece1553d2023c09a4226d9e41c586ad2d20594d1a456186c33513d2cb3f2"},
    {file = "numpy-2.5.2-cp314-cp314-macosx_10_15_x86_64.whl", hash = "sha256:d787cf769c3baeb5f6235e778edb52c08dfa923789b5958f28e6450f96107cb1"},
    {file = "numpy-2.5.2-cp314-cp314-macosx_11_0_arm64.whl", hash = "sha256:24b9dc2e3d84aa58523798805194e23e736f3f6ce2d1a5b92583ae734e6dbda8"},
    {file = "numpy-2.5.2-cp314-cp314-macosx_14_0_arm64.whl", hash = "sha256:9e9413326d726c2545bfa65d2c0876871e8d8386e77f992c1d426e180bbd4323"},
    {file = "numpy-2.5.2-cp314-cp314-macosx_14_0_x86_64.whl", hash = "sha256:60e902ac295855348a5ca2ea4c89108989a9f5fddfad3dfc0a8f36b10358567e"},
    {file = "numpy-2.5.2-cp314-cp314-manylinux_2_27_aarch64.manylinux_2_28_aarch64.whl", hash = "sha256:50e500dc868e9313530ce12ba470fe50ff3afe3d62993ed6eff652dacd555b65"},
    {file = "numpy-2.5.2-cp314-cp314-manylinux_2_27_x86_64.manylinux_2_28_x86_64.whl", hash = "sha256:318b9a4c845dbea06708a29c84ee429cc3065048db34cdb799047643492050ee"},
    {file = "numpy-2.5.2-cp314-cp314-musllinux_1_2_aarch64.whl", hash = "sha256:34c319e2963be042673fb46570501b2f06c41924e17e3563d58646b4380dfb68"},
    {file = "numpy-2.5.2-cp314-cp314-musllinux_1_2_x86_64.whl", hash = "sha256:f06571a052127dc1b4e8b83029b4d1b20daa2b64a31cdd181fc6bc774e9000eb"},
    {file = "numpy-2.5.2-cp314-cp314-win32.whl", hash = "sha256:2cc779226e476d1e1f08c74068c419e60f41a9e0e069c92f6671d31d5c985e98"},
    {file = "numpy-2.5.2-cp314-cp314-win_amd64.whl", hash = "sha256:7587f53dfbd5edc0f7b87c6217b4c6d2d1f2ef9c3da70bc1315e7db5f8d7ec9d"},
    {file = "numpy-2.5.2-cp314-cp314-win_arm64.whl", hash = "sha256:3e4c367352d3747784248a227fbec218e193b56f7e6692e3b64fc805478ecfdf"},
    {file = "numpy-2.5.2-cp314-cp314t-macosx_11_0_arm64.whl", hash = "sha256:b879fb674276e331513fb136b78dbc6bd3c848309e0d841cfd63be3896c4cfc1"},
    {file = "numpy-2.5.2-cp314-cp314t-macosx_14_0_arm64.whl", hash = "sha256:fd0d703772bba096843785bd38371e31bb4a0c1151497ad5739d182114a73f7f"},
    {file = "numpy-2.5.2-cp314-cp314t-macosx_14_0_x86_64.whl", hash = "sha256:3a2f061cebd9e3d23bdcfaaded5e2293a4c6a5b60fa42df85d410a725ce621bf"},
    {file = "numpy-2.5.2-cp314-cp314t-manylinux_2_27_aarch64.manylinux_2_28_aarch64.whl", hash = "sha256:6df895598c0edcb41030126c89e0f353b07d93238116143b7405e937359736c4"},
    {file = "numpy-2.5.2-cp314-cp314t-manylinux_2_27_x86_64.manylinux_2_28_x86_64.whl", hash = "sha256:1ab3d4a901f844ea836c3e80bf463c6a27d7f3c14e8e292fcf28d348b25b9bce"},
    {file = "numpy-2.5.2-cp314-cp314t-musllinux_1_2_aarch64.whl", hash = "sha256:cebc2d6dbb605a7703d59751dea4bd6b0ab127a5a4338a6f432df1936fef8b26"},
    {file = "numpy-2.5.2-cp314-cp314t-musllinux_1_2_x86_64.whl", hash = "sha256:eaca7ff36f0f52e2111ec71f169d8fd3e889e7ddc0d2592e0d703fd8d3ce8fac"},
    {file = "numpy-2.5.2-cp314-cp314t-win32.whl", hash = "sha256:ddf47472af2e4280d79bac82304f5e80150211f1b9e614b760061d5fdfbb6eba"},
    {file = "numpy-2.5.2-cp314-cp314t-win_amd64.whl", hash = "sha256:44ef9675d908e65f9953063837c3277730f3f4437615a4cdab67b366cabaf884"},
    {file = "numpy-2.5.2-cp314-cp314t-win_arm64.whl", hash = "sha256:eaa088384c46f519dacb93b7ec483a6d6b19a4a2085ae4f25ab9b1c43d387d1e"},
    {file = "numpy-2.5.2-cp315-cp315-macosx_10_15_x86_64.whl", hash = "sha256:078f9b027b478c9379b9677babbf0f8b8f1ecfada27636d7b9a93990c638739f"},
    {file = "numpy-2.5.2-cp315-cp315-macosx_11_0_arm64.whl", hash = "sha256:50a68f4bacd8a2b33d8da3d2269d0d78500f86ea582e4786dc10f5ef2c2c6842"},
    {file = "numpy-2.5.2-cp315-cp315-macosx_14_0_arm64.whl", hash = "sha256:e79aba74ffaf5f78a050d777c184cddf8fdffabab38acf5f3ef1fecbc17895d6"},
    {file = "numpy-2.5.2-cp315-cp315-macosx_14_0_x86_64.whl", hash = "sha256:9a0731745a72a184490a582fb4af2533512bd071ace67785b5fdffc0ae58dce8"},
    {file = "numpy-2.5.2-cp315-cp315-manylinux_2_27_aarch64.manylinux_2_28_aarch64.whl", hash = "sha256:4ec954036759bcee3aa484f8603bd9c14f3e776293b85578b8734c2d72777c69"},
    {file = "numpy-2.5.2-cp315-cp315-manylinux_2_27_x86_64.manylinux_2_28_x86_64.whl", hash = "sha256:dc649493697006bc90614a5f0bbc8cb3cb1866715c474e473694968d7e6b99ab"},
    {file = "numpy-2.5.2-cp315-cp315-musllinux_1_2_aarch64.whl", hash = "sha256:cf7de32f486e4ac9e2d93b810f9e9ac72a728dd46a32a0bb403222f27f653514"},
    {file = "numpy-2.5.2-cp315-cp315-musllinux_1_2_x86_64.whl", hash = "sha256:2ffa7bacab3e2ee1b19ed31766bb60bb380b68c23f051e199c5cc598afd68710"},
    {file = "numpy-2.5.2-cp315-cp315-win32.whl", hash = "sha256:6b588cc8f902d6bff201c19fd00c43ab8545671e3554d014e12e14139e5e8617"},
    {file = "numpy-2.5.2-cp315-cp315-win_amd64.whl", hash = "sha256:07d4e89f3a9ab0a9ba24264ccdb642b3dd951b2281e8883a5481a4aa79cc31a7"},
    {file = "numpy-2.5.2-cp315-cp315-win_arm64.whl", hash = "sha256:a610dc7e3c52edd39c2bc2375ff9c3fd59cb3ad00e4472d36f83bc1457145788"},
    {file = "numpy-2.5.2-cp315-cp315t-macosx_10_15_x86_64.whl", hash = "sha256:40f4d451aed46a8046a1aae41c4e55fb3612273df9c502480135e1501576a34b"},
    {file = "numpy-2.5.2-cp315-cp315t-macosx_11_0_arm64.whl", hash = "sha256:c081cbe16ba1ab53078e5ff29013621e33c509eedab055775d956427712c236e"},
    {file = "numpy-2.5.2-cp315-cp315t-macosx_14_0_arm64.whl", hash = "sha256:0090ccdd57ec2703e9b49d0bf554767370581c1dd0a6b2bb2b2d9def317d042a"},
    {file = "numpy-2.5.2-cp315-cp315t-macosx_14_0_x86_64.whl", hash = "sha256:6a9bb119fb8dd21ba30b3f0e555b7e2b081bd9883af21ec9c1c633d161cda3a8"},
    {file = "numpy-2.5.2-cp315-cp315t-manylinux_2_27_aarch64.manylinux_2_28_aarch64.whl", hash = "sha256:a839318485284a6fb31be4f8f2c91c8f2cb22f4543c4a8903f12b0671ffe07cc"},
    {file = "numpy-2.5.2-cp315-cp315t-manylinux_2_27_x86_64.manylinux_2_28_x86_64.whl", hash = "sha256:ba0a474801b8dc67b66bf465548abc90e82b44d2611b5770f33008dcabffe8ec"},
    {file = "numpy-2.5.2-cp315-cp315t-musllinux_1_2_aarch64.whl", hash = "sha256:0a4035ae1129ff8777f08bfbd44f1e5d8e9c049ce0c2dd78fc0d92c13e7251c0"},
    {file = "numpy-2.5.2-cp315-cp315t-musllinux_1_2_x86_64.whl", hash = "sha256:77843ca236b777e67f8d6b3660ea116e499612703a0ecd7093f316201eb9d8e2"},
    {file = "numpy-2.5.2-cp315-cp315t-win32.whl", hash = "sha256:7354826bc6f8f69402e9b7fe28d15fcd34feebd74f856f111585c5b0c9fb0251"},
    {file = "numpy-2.5.2-cp315-cp315t-win_amd64.whl", hash = "sha256:e5651f3f87add730ee6608d915009e19c911fba0cb000c7e3ea994b7d768eb12"},
    {file = "numpy-2.5.2-cp315-cp315t-win_arm64.whl", hash = "sha256:5f8e00be2ec6f45f4e8a41a527f68d44a7d96fee92a650e4d8b1326f77f61e6e"},
    {file = "numpy-2.5.2.tar.gz", hash = "sha256:d482d171c406ae88c5b19cad3b6a1c4c5209f886ab74bc44c2c865c23f52d860"},
]

[[package]]
name = "onnxruntime"
version = "1.28.0"
description = "ONNX Runtime is a runtime accelerator for Machine Learning models"
optional = true
python-versions = ">=3.11"
groups = ["main"]
markers = "extra != \"gpu\" and extra == \"cpu\""
files = [
    {file = "onnxruntime-1.28.0-cp311-cp311-macosx_14_0_arm64.whl", hash = "sha256:f5c5daabd28aad610f83fdcf32acec8fb57e6adc6c6a39fe2a3c755db957b410"},
    {file = "onnxruntime-1.28.0-cp311-cp311-manylinux_2_27_aarch64.manylinux_2_28_aarch64.whl", hash = "sha256:8d66f9ceb29909c70839e4e4fb3435c7b490050d8f162bd5f3aba4ca01ee517f"},
    {file = "onnxruntime-1.28.0-cp311-cp311-manylinux_2_27_x86_64.manylinux_2_28_x86_64.whl", hash = "sha256:a166b78ee04f3a37fa1ef82034b6a3ce96d9684e582d4d30b296de83e9998bb5"},
    {file = "onnxruntime-1.28.0-cp311-cp311-win_amd64.whl", hash = "sha256:0d650aeee29368414367b65529e90afe4bf1bab76254789063b8b2f7ea3013c8"},
    {file = "onnxruntime-1.28.0-cp311-cp311-win_arm64.whl", hash = "sha256:0faf85fb447a663c9cdadc39bd6b19bdf7bedded6699e45731b9b36c46fd993d"},
    {file = "onnxruntime-1.28.0-cp312-cp312-macosx_14_0_arm64.whl", hash = "sha256:26ff0fdd06efb6c155bae95387a09db1a2be89c7a03e4d0bffd5a171cc2826da"},
    {file = "onnxruntime-1.28.0-cp312-cp312-manylinux_2_27_aarch64.manylinux_2_28_aarch64.whl", hash = "sha256:4e81a23df16e7acb9d51b06d30cc098e49315ef9180f97bc2221d167b4b04d9c"},
    {file = "onnxruntime-1.28.0-cp312-cp312-manylinux_2_27_x86_64.manylinux_2_28_x86_64.whl", hash = "sha256:0a83bdb70d143cede762b677789bf2a7acca54b3fb82565601d5c30695aa933c"},
    {file = "onnxruntime-1.28.0-cp312-cp312-win_amd64.whl", hash = "sha256:c35064f9b3c43c81c5d5d282091401d0f1ff22796d93ccade4ea2ece5e137ab8"},
    {file = "onnxruntime-1.28.0-cp312-cp312-win_arm64.whl", hash = "sha256:e02feeb0165c5f13b4cc954738078d59b90128516ac12b671ee24a530242bf02"},
    {file = "onnxruntime-1.28.0-cp313-cp313-macosx_14_0_arm64.whl", hash = "sha256:31410f544674f534c2f27348af52ef81682ca9c8719154bf4d48f0ef23823b1e"},
    {file = "onnxruntime-1.28.0-cp313-cp313-manylinux_2_27_aarch64.manylinux_2_28_aarch64.whl", hash = "sha256:f649dd6f6452d12a8059888aa489fe519e062e18793dac72b9efa0f9fdb64135"},
    {file = "onnxruntime-1.28.0-cp313-cp313-manylinux_2_27_x86_64.manylinux_2_28_x86_64.whl", hash = "sha256:54fa221d669282bd8f582708ce4c96010a7e9fb0661f9006b37fe2fedafb73fe"},
    {file = "onnxruntime-1.28.0-cp313-cp313-win_amd64.whl", hash = "sha256:1a1a19175464665c9b8d50bc916f216cc0b569110045b7bbca8f9f290b186f58"},
    {file = "onnxruntime-1.28.0-cp313-cp313-win_arm64.whl", hash = "sha256:cfab507abe09d6ffeb817eee07944d452fdc0b00fdcef34cab4db10a45e378c7"},
    {file = "onnxruntime-1.28.0-cp313-cp313t-manylinux_2_27_aarch64.manylinux_2_28_aarch64.whl", hash = "sha256:ac301f53b1930402fc46c368e268acfed02f3207272aaff05070d7e09f96f031"},
    {file = "onnxruntime-1.28.0-cp313-cp313t-manylinux_2_27_x86_64.manylinux_2_28_x86_64.whl", hash = "sha256:f7f022a1103cae591c75fc4565589a515f2ddd14a6ac8e8a05812dfeda142e28"},
    {file = "onnxruntime-1.28.0-cp314-cp314-macosx_14_0_arm64.whl", hash = "sha256:8adff67a3f28257b37cfe945a7e952e4122666aa8c91a0380862e9fd4c2ed19f"},
    {file = "onnxruntime-1.28.0-cp314-cp314-manylinux_2_27_aarch64.manylinux_2_28_aarch64.whl", hash = "sha256:bc2565e487b4896fb988d6383577d875d958e071fc5f6c3550bd5d02ae98264b"},
    {file = "onnxruntime-1.28.0-cp314-cp314-manylinux_2_27_x86_64.manylinux_2_28_x86_64.whl", hash = "sha256:6afdc83f1317c136e92fc29f5ee9f058de59d87c0b22cee3fdbfbaa0ccc2098a"},
    {file = "onnxruntime-1.28.0-cp314-cp314-win_amd64.whl", hash = "sha256:f2a3b9e30ce880d4ca54999cb313569e36da4f62eefe25f87be18f43e9a3a4d5"},
    {file = "onnxruntime-1.28.0-cp314-cp314-win_arm64.whl", hash = "sha256:07fb3cbe990d6bf0ab3c22bfbbfb0e314151266046ea6edb4a07f556b4258c5f"},
    {file = "onnxruntime-1.28.0-cp314-cp314t-manylinux_2_27_aarch64.manylinux_2_28_aarch64.whl", hash = "sha256:e562d6e36a749f6764481c0ddb0f2af3d0b5a3c164291361d08803c557f369af"},
    {file = "onnxruntime-1.28.0-cp314-cp314t-manylinux_2_27_x86_64.manylinux_2_28_x86_64.whl", hash = "sha256:4f6e92367ddce1e4d33cf295024f40192be6c6171a09208f515ba169ced06c8e"},
]

[package.dependencies]
flatbuffers = "*"
numpy = ">=1.21.6"
packaging = "*"
protobuf = ">=4.25.8"

[package.extras]
quantization = ["ml_dtypes"]
symbolic = ["sympy"]

[[package]]
name = "onnxruntime-gpu"
version = "1.28.0"
description = "ONNX Runtime is a runtime accelerator for Machine Learning models"
optional = true
python-versions = ">=3.11"
groups = ["main"]
markers = "extra == \"gpu\" and extra != \"cpu\""
files = [
    {file = "onnxruntime_gpu-1.28.0-cp311-cp311-manylinux_2_27_x86_64.manylinux_2_28_x86_64.whl", hash = "sha256:774d4c307317f7a0fefc33930820b7ac2a62be2c595e6a1e63e318555f7176b8"},
    {file = "onnxruntime_gpu-1.28.0-cp311-cp311-win_amd64.whl", hash = "sha256:d5004c1d38da77970d4534e2e20e34ade9c4fb167bfc685a9843d2863a58122a"},
    {file = "onnxruntime_gpu-1.28.0-cp312-cp312-manylinux_2_27_x86_64.manylinux_2_28_x86_64.whl", hash = "sha256:3b3a63cecd239d72432cd44569d047de8f4d69e471cd5f60f7ac7fc8769be5ec"},
    {file = "onnxruntime_gpu-1.28.0-cp312-cp312-win_amd64.whl", hash = "sha256:3befb47dabd2843bb606a50abd6f14b1eb1324eb235d5e5f3b01dd8b8034af1f"},
    {file = "onnxruntime_gpu-1.28.0-cp313-cp313-manylinux_2_27_x86_64.manylinux_2_28_x86_64.whl", hash = "sha256:27011ca9f5f88ba09dfb3d1d83b877d61cabb9069d796136d69d83fe1018e6a4"},
    {file = "onnxruntime_gpu-1.28.0-cp313-cp313-win_amd64.whl", hash = "sha256:4c89b8c192864582e04eb4b43574648f185bfd00fc754c3f085fd04d0cd81bc2"},
    {file = "onnxruntime_gpu-1.28.0-cp313-cp313t-manylinux_2_27_x86_64.manylinux_2_28_x86_64.whl", hash = "sha256:c3717717c0c703bc7f4a35aa126737fe0dff00c49dc7a648690cf8cdcb2b667a"},
    {file = "onnxruntime_gpu-1.28.0-cp314-cp314-manylinux_2_27_x86_64.manylinux_2_28_x86_64.whl", hash = "sha256:3ad3f1660488390def834fab93a70d76a5bec6b10df75e92eee38426fef57e81"},
    {file = "onnxruntime_gpu-1.28.0-cp314-cp314-win_amd64.whl", hash = "sha256:965f2cad344510bfe2a024ba5c485528caafcc3cf11b218dfb988b0f0e34057d"},
    {file = "onnxruntime_gpu-1.28.0-cp314-cp314t-manylinux_2_27_x86_64.manylinux_2_28_x86_64.whl", hash = "sha256:00445199a517ed8216a02480a2070386ba72ff519366b319ba78af8c3911a86d"},
]

[package.dependencies]
flatbuffers = "*"
numpy = ">=1.21.6"
packaging = "*"
protobuf = ">=4.25.8"

[package.extras]
cuda = ["nvidia-cuda-nvrtc (>=13.0,<14.0)", "nvidia-cuda-runtime (>=13.0,<14.0)", "nvidia-cufft (>=12.0,<13.0)", "nvidia-curand (>=10.0,<11.0)"]
cudnn = ["nvidia-cudnn-cu13 (>=9.0,<10.0)"]
quantization = ["ml-dtypes"]
symbolic = ["sympy"]

[[package]]
name = "opencv-python-headless"
version = "5.0.0.93"
description = "Wrapper package for OpenCV python bindings."
optional = false
python-versions = ">=3.6"
groups = ["main"]
files = [
    {file = "opencv_python_headless-5.0.0.93-cp37-abi3-macosx_13_0_arm64.whl", hash = "sha256:030ca5e0837a2963ab36ef896baa9767eb8d2b83353fb28af5a521e40dd8756f"},
    {file = "opencv_python_headless-5.0.0.93-cp37-abi3-macosx_14_0_x86_64.whl", hash = "sha256:1e55af3abfb462eeeabe5c775f12bdb36216d8a93a3583d69e6bd6e1d6ba7d00"},
    {file = "opencv_python_headless-5.0.0.93-cp37-abi3-manylinux2014_aarch64.manylinux_2_17_aarch64.whl", hash = "sha256:10818d91510e05c04568ae12b5cd120779c70c01bf897b001a6221fe430df80f"},
    {file = "opencv_python_headless-5.0.0.93-cp37-abi3-manylinux2014_x86_64.manylinux_2_17_x86_64.whl", hash = "sha256:09a872a157c1376ab922a69bbf22f9a95bcc7b658a9d8b436a60212b02b2eeb4"},
    {file = "opencv_python_headless-5.0.0.93-cp37-abi3-manylinux_2_28_aarch64.whl", hash = "sha256:840bd717c21e5c11cadadc022a823315ea417f961213d06b4df010e019eb16f4"},
    {file = "opencv_python_headless-5.0.0.93-cp37-abi3-manylinux_2_28_x86_64.whl", hash = "sha256:ed709fdf9aa0bd1f2ed8549e71d19449b03a675bb581eb292285f6861953be37"},
    {file = "opencv_python_headless-5.0.0.93-cp37-abi3-win32.whl", hash = "sha256:c6bcd96b185975ea240d22cfdb15a1f6d080cc95264cfbe2621f21bb144d89b9"},
    {file = "opencv_python_headless-5.0.0.93-cp37-abi3-win_amd64.whl", hash = "sha256:829717b6a95554f273e49e357cee3b3a2a26b6f4842fbc1bed2b45bdd8f87e0e"},
    {file = "opencv_python_headless-5.0.0.93.tar.gz", hash = "sha256:b82f9831daab90b725c7c1ee1b36cb5732c367096ac76d119e64e14eb70d5f3c"},
]

[package.dependencies]
numpy = {version = ">=2", markers = "python_version >= \"3.9\""}

[[package]]
name = "packaging"
version = "26.3"
description = "Core utilities for Python packages"
optional = true
python-versions = ">=3.9"
groups = ["main"]
markers = "extra != \"gpu\" and extra == \"cpu\" or extra == \"gpu\" and extra != \"cpu\""
files = [
    {file = "packaging-26.3-py3-none-any.whl", hash = "sha256:d7193f7c8e4e93f444fde0262bf90af30e16fa0ad0ad44cb553c87339b23cd1c"},
    {file = "packaging-26.3.tar.gz", hash = "sha256:94edc256424af38762eb31306eed28beb9f0efc50a8837492c9d6fd6004aed79"},
]

[[package]]
name = "protobuf"
version = "7.35.1"
description = ""
optional = true
python-versions = ">=3.10"
groups = ["main"]
markers = "extra != \"gpu\" and extra == \"cpu\" or extra == \"gpu\" and extra != \"cpu\""
files = [
    {file = "protobuf-7.35.1-cp310-abi3-macosx_10_9_universal2.whl", hash = "sha256:24f857477359a85c0c235261b8ba905fd51b2562f4a64ca1df5473f29850cbf6"},
    {file = "protobuf-7.35.1-cp310-abi3-manylinux2014_aarch64.whl", hash = "sha256:11d6b0ec246892d85215b0a13ca6e0233cf5284b68f0ac02646427f4ff88a799"},
    {file = "protobuf-7.35.1-cp310-abi3-manylinux2014_s390x.whl", hash = "sha256:b73f9489a4b8b1c9cb1f8ed951c736392592edb24b9d6819f36d2e10b171d5b4"},
    {file = "protobuf-7.35.1-cp310-abi3-manylinux2014_x86_64.whl", hash = "sha256:74758715c53d7158fb76caf4f0cfdacc5329a4b1bb994f865d6cf302d413a1c4"},
    {file = "protobuf-7.35.1-cp310-abi3-win32.whl", hash = "sha256:353652e4efd0bca5b5fc2656abf8307ef351f0cf938c9eba09f0e09c20a25c30"},
    {file = "protobuf-7.35.1-cp310-abi3-win_amd64.whl", hash = "sha256:230a75ddfc2de4806e56696ce9640c1cdfdb6543b7cfce98d42a4c0a0e7bdb87"},
    {file = "protobuf-7.35.1-py3-none-any.whl", hash = "sha256:4bc97768d8fe4ad6743c8a19403e314511ed9f6d13205b687e52421c023ac1b9"},
    {file = "protobuf-7.35.1.tar.gz", hash = "sha256:ce115a26fe0c39a2c29973d914d327e516a6455464489fe3cd1e51a1b354f81a"},
]

[[package]]
name = "sqlparse"
version = "0.6.0"
description = "A non-validating SQL parser."
optional = true
python-versions = ">=3.10"
groups = ["main"]
markers = "extra == \"fancy\""
files = [
    {file = "sqlparse-0.6.0-py3-none-any.whl", hash = "sha256:b861c0288ce2fa56209a9a6412d2e066ac664b3873b89c26c9d8415e8e32996f"},
    {file = "sqlparse-0.6.0.tar.gz", hash = "sha256:113c35c75365ab9cc9c7231d68c6428fb11c085fc8e9eb1ad659b7ddbf6cd2b9"},
]

[package.extras]
dev = ["build"]
doc = ["furo", "sphinx"]

[[package]]
name = "tzdata"
version = "2026.3"
description = "Provider of IANA time zone data"
optional = true
python-versions = ">=2"
groups = ["main"]
markers = "extra == \"fancy\" and sys_platform == \"win32\""
files = [
    {file = "tzdata-2026.3-py2.py3-none-any.whl", hash = "sha256:dc096730c87af6cab1b171c9d532be840741ff5d459015e7f6947bd7d7e54931"},
    {file = "tzdata-2026.3.tar.gz", hash = "sha256:4a1518b8993086a7982523e071643f3c0e5f213e75b21318e78bcabfff9d1415"},
]

[extras]
cpu = ["onnxruntime"]
fancy = ["django"]
gpu = ["onnxruntime-gpu"]

[metadata]
lock-version = "2.1"
python-versions = ">=3.12.0"
content-hash = "e17d104ff433fbaac72003e32ed30eaab92819b1a28efd6dd406a212695c83c3"
